{
  "name": "ProjetSuiviStage",
  "lockfileVersion": 3,
  "requires": true,
  "packages": {
    "": {
      "dependencies": {
        "php-parser": "^3.1.3"
      }
    },
    "node_modules/php-parser": {
      "version": "3.1.3",
      "resolved": "https://registry.npmjs.org/php-parser/-/php-parser-3.1.3.tgz",
      "integrity": "sha512-hPvBmnRYPqWEtMfIFOlyjQv1q75UUtxt4U+YscKIQViGmEE2Xa4BuS1B1/cZdjy7MVcwtnr0WkEsr915LgRKOw=="
    }
  }
}
